
Microsoft Visual Studio Solution File, Format Version 12.00
# Visual Studio Version 17
VisualStudioVersion = 17.8.34601.278
MinimumVisualStudioVersion = 10.0.40219.1
Project("{2150E333-8FDC-42A3-9474-1A3956D46DE8}") = "Microservices", "Microservices", "{A2BCA740-A5E8-4977-A45F-654F307F5641}"
EndProject
Project("{2150E333-8FDC-42A3-9474-1A3956D46DE8}") = "Domain", "Domain", "{A41EC71A-4064-410B-B752-6AB302EAC6E8}"
EndProject
Project("{2150E333-8FDC-42A3-9474-1A3956D46DE8}") = "Infrastructure", "Infrastructure", "{22A030E2-E86D-4852-9FC2-BCA3A30B28B5}"
EndProject
Project("{2150E333-8FDC-42A3-9474-1A3956D46DE8}") = "Bus", "Bus", "{E5382142-8BA0-4D72-9206-5D9B906F0BEB}"
EndProject
Project("{2150E333-8FDC-42A3-9474-1A3956D46DE8}") = "IoC", "IoC", "{6CBA557C-220E-4EB8-9A01-40B368CA0CFC}"
EndProject
Project("{2150E333-8FDC-42A3-9474-1A3956D46DE8}") = "Presentation", "Presentation", "{1F2D87BB-4B93-4387-B173-1A036A6DA891}"
EndProject
Project("{FAE04EC0-301F-11D3-BF4B-00C04F79EFBC}") = "MicroRabbit.Domain.Core", "MicroRabbit.Domain.Core\MicroRabbit.Domain.Core.csproj", "{2A13C716-E4F2-41F8-A83A-74A90CB8B3ED}"
EndProject
Project("{FAE04EC0-301F-11D3-BF4B-00C04F79EFBC}") = "MicroRabbit.Infrastructure.Bus", "MicroRabbit.Infrastructure.Bus\MicroRabbit.Infrastructure.Bus.csproj", "{9D46DEC8-D59E-4934-A769-87CB0D46E26F}"
EndProject
Project("{FAE04EC0-301F-11D3-BF4B-00C04F79EFBC}") = "MicroRabbit.Infrastructure.IoC", "MicroRabbit.Infrastructure.IoC\MicroRabbit.Infrastructure.IoC.csproj", "{15CD1234-9BA3-4E7E-9995-CAAB905F49AE}"
EndProject
Project("{2150E333-8FDC-42A3-9474-1A3956D46DE8}") = "Banking", "Banking", "{975898FA-EFB7-44D4-9F6F-10BCC01A846B}"
EndProject
Project("{2150E333-8FDC-42A3-9474-1A3956D46DE8}") = "Api", "Api", "{863FBD0F-3220-4FCC-AB33-59FA5FE5AFEB}"
EndProject
Project("{2150E333-8FDC-42A3-9474-1A3956D46DE8}") = "Domain", "Domain", "{556B7335-0B16-4978-B97C-DBB291C76F72}"
EndProject
Project("{2150E333-8FDC-42A3-9474-1A3956D46DE8}") = "Application", "Application", "{07D7F3D4-723C-4A35-8B73-06D6AADDA08F}"
EndProject
Project("{2150E333-8FDC-42A3-9474-1A3956D46DE8}") = "Infrastructure", "Infrastructure", "{81F73289-D278-421D-B36E-B0958123793A}"
EndProject
Project("{FAE04EC0-301F-11D3-BF4B-00C04F79EFBC}") = "MicroRabbit.Banking.Api", "MicroRabbit.Banking.Api\MicroRabbit.Banking.Api.csproj", "{0514D912-D1BE-4226-B1F0-A2218B028F22}"
EndProject
Project("{FAE04EC0-301F-11D3-BF4B-00C04F79EFBC}") = "MicroRabbit.Banking.Application", "MicroRabbit.Banking.Application\MicroRabbit.Banking.Application.csproj", "{DBC5B708-B9FB-40F4-A3C0-BAA525C0596C}"
EndProject
Project("{FAE04EC0-301F-11D3-BF4B-00C04F79EFBC}") = "MicroRabbit.Banking.Infrastructure", "MicroRabiit.Banking.Infrastructure\MicroRabbit.Banking.Infrastructure.csproj", "{83833328-07B4-424E-8F3E-5989B4516100}"
EndProject
Project("{FAE04EC0-301F-11D3-BF4B-00C04F79EFBC}") = "MicroRabbit.Banking.Domain", "MicroRabbit.Banking.Domain\MicroRabbit.Banking.Domain.csproj", "{35E88547-826A-4911-A107-8576B81F72C0}"
EndProject
Global
	GlobalSection(SolutionConfigurationPlatforms) = preSolution
		Debug|Any CPU = Debug|Any CPU
		Release|Any CPU = Release|Any CPU
	EndGlobalSection
	GlobalSection(ProjectConfigurationPlatforms) = postSolution
		{2A13C716-E4F2-41F8-A83A-74A90CB8B3ED}.Debug|Any CPU.ActiveCfg = Debug|Any CPU
		{2A13C716-E4F2-41F8-A83A-74A90CB8B3ED}.Debug|Any CPU.Build.0 = Debug|Any CPU
		{2A13C716-E4F2-41F8-A83A-74A90CB8B3ED}.Release|Any CPU.ActiveCfg = Release|Any CPU
		{2A13C716-E4F2-41F8-A83A-74A90CB8B3ED}.Release|Any CPU.Build.0 = Release|Any CPU
		{9D46DEC8-D59E-4934-A769-87CB0D46E26F}.Debug|Any CPU.ActiveCfg = Debug|Any CPU
		{9D46DEC8-D59E-4934-A769-87CB0D46E26F}.Debug|Any CPU.Build.0 = Debug|Any CPU
		{9D46DEC8-D59E-4934-A769-87CB0D46E26F}.Release|Any CPU.ActiveCfg = Release|Any CPU
		{9D46DEC8-D59E-4934-A769-87CB0D46E26F}.Release|Any CPU.Build.0 = Release|Any CPU
		{15CD1234-9BA3-4E7E-9995-CAAB905F49AE}.Debug|Any CPU.ActiveCfg = Debug|Any CPU
		{15CD1234-9BA3-4E7E-9995-CAAB905F49AE}.Debug|Any CPU.Build.0 = Debug|Any CPU
		{15CD1234-9BA3-4E7E-9995-CAAB905F49AE}.Release|Any CPU.ActiveCfg = Release|Any CPU
		{15CD1234-9BA3-4E7E-9995-CAAB905F49AE}.Release|Any CPU.Build.0 = Release|Any CPU
		{0514D912-D1BE-4226-B1F0-A2218B028F22}.Debug|Any CPU.ActiveCfg = Debug|Any CPU
		{0514D912-D1BE-4226-B1F0-A2218B028F22}.Debug|Any CPU.Build.0 = Debug|Any CPU
		{0514D912-D1BE-4226-B1F0-A2218B028F22}.Release|Any CPU.ActiveCfg = Release|Any CPU
		{0514D912-D1BE-4226-B1F0-A2218B028F22}.Release|Any CPU.Build.0 = Release|Any CPU
		{DBC5B708-B9FB-40F4-A3C0-BAA525C0596C}.Debug|Any CPU.ActiveCfg = Debug|Any CPU
		{DBC5B708-B9FB-40F4-A3C0-BAA525C0596C}.Debug|Any CPU.Build.0 = Debug|Any CPU
		{DBC5B708-B9FB-40F4-A3C0-BAA525C0596C}.Release|Any CPU.ActiveCfg = Release|Any CPU
		{DBC5B708-B9FB-40F4-A3C0-BAA525C0596C}.Release|Any CPU.Build.0 = Release|Any CPU
		{83833328-07B4-424E-8F3E-5989B4516100}.Debug|Any CPU.ActiveCfg = Debug|Any CPU
		{83833328-07B4-424E-8F3E-5989B4516100}.Debug|Any CPU.Build.0 = Debug|Any CPU
		{83833328-07B4-424E-8F3E-5989B4516100}.Release|Any CPU.ActiveCfg = Release|Any CPU
		{83833328-07B4-424E-8F3E-5989B4516100}.Release|Any CPU.Build.0 = Release|Any CPU
		{35E88547-826A-4911-A107-8576B81F72C0}.Debug|Any CPU.ActiveCfg = Debug|Any CPU
		{35E88547-826A-4911-A107-8576B81F72C0}.Debug|Any CPU.Build.0 = Debug|Any CPU
		{35E88547-826A-4911-A107-8576B81F72C0}.Release|Any CPU.ActiveCfg = Release|Any CPU
		{35E88547-826A-4911-A107-8576B81F72C0}.Release|Any CPU.Build.0 = Release|Any CPU
	EndGlobalSection
	GlobalSection(SolutionProperties) = preSolution
		HideSolutionNode = FALSE
	EndGlobalSection
	GlobalSection(NestedProjects) = preSolution
		{E5382142-8BA0-4D72-9206-5D9B906F0BEB} = {22A030E2-E86D-4852-9FC2-BCA3A30B28B5}
		{6CBA557C-220E-4EB8-9A01-40B368CA0CFC} = {22A030E2-E86D-4852-9FC2-BCA3A30B28B5}
		{2A13C716-E4F2-41F8-A83A-74A90CB8B3ED} = {A41EC71A-4064-410B-B752-6AB302EAC6E8}
		{9D46DEC8-D59E-4934-A769-87CB0D46E26F} = {E5382142-8BA0-4D72-9206-5D9B906F0BEB}
		{15CD1234-9BA3-4E7E-9995-CAAB905F49AE} = {6CBA557C-220E-4EB8-9A01-40B368CA0CFC}
		{975898FA-EFB7-44D4-9F6F-10BCC01A846B} = {A2BCA740-A5E8-4977-A45F-654F307F5641}
		{863FBD0F-3220-4FCC-AB33-59FA5FE5AFEB} = {975898FA-EFB7-44D4-9F6F-10BCC01A846B}
		{556B7335-0B16-4978-B97C-DBB291C76F72} = {975898FA-EFB7-44D4-9F6F-10BCC01A846B}
		{07D7F3D4-723C-4A35-8B73-06D6AADDA08F} = {975898FA-EFB7-44D4-9F6F-10BCC01A846B}
		{81F73289-D278-421D-B36E-B0958123793A} = {975898FA-EFB7-44D4-9F6F-10BCC01A846B}
		{0514D912-D1BE-4226-B1F0-A2218B028F22} = {863FBD0F-3220-4FCC-AB33-59FA5FE5AFEB}
		{DBC5B708-B9FB-40F4-A3C0-BAA525C0596C} = {07D7F3D4-723C-4A35-8B73-06D6AADDA08F}
		{83833328-07B4-424E-8F3E-5989B4516100} = {81F73289-D278-421D-B36E-B0958123793A}
		{35E88547-826A-4911-A107-8576B81F72C0} = {556B7335-0B16-4978-B97C-DBB291C76F72}
	EndGlobalSection
	GlobalSection(ExtensibilityGlobals) = postSolution
		SolutionGuid = {403895E9-D9A9-49C4-9A7F-D46699B0FE95}
	EndGlobalSection
EndGlobal
